// !$*UTF8*$!
{
	archiveVersion = 1;
	classes = {
	};
	objectVersion = 48;
	objects = {

/* Begin PBXBuildFile section */
		241427E1200EB48A00CBBB06 /* AppDelegate.swift in Sources */ = {isa = PBXBuildFile; fileRef = 241427E0200EB48A00CBBB06 /* AppDelegate.swift */; };
		241427E6200EB48A00CBBB06 /* Main.storyboard in Resources */ = {isa = PBXBuildFile; fileRef = 241427E4200EB48A00CBBB06 /* Main.storyboard */; };
		241427E8200EB48A00CBBB06 /* Assets.xcassets in Resources */ = {isa = PBXBuildFile; fileRef = 241427E7200EB48A00CBBB06 /* Assets.xcassets */; };
		241427EB200EB48A00CBBB06 /* LaunchScreen.storyboard in Resources */ = {isa = PBXBuildFile; fileRef = 241427E9200EB48A00CBBB06 /* LaunchScreen.storyboard */; };
		241427F3200EBB8900CBBB06 /* ImageGalleryTableViewController.swift in Sources */ = {isa = PBXBuildFile; fileRef = 241427F2200EBB8900CBBB06 /* ImageGalleryTableViewController.swift */; };
		241427F5200EBD1200CBBB06 /* ImageGalleryTableViewCell.swift in Sources */ = {isa = PBXBuildFile; fileRef = 241427F4200EBD1200CBBB06 /* ImageGalleryTableViewCell.swift */; };
		241427F7200EC25600CBBB06 /* ImageGallery.swift in Sources */ = {isa = PBXBuildFile; fileRef = 241427F6200EC25600CBBB06 /* ImageGallery.swift */; };
		247BF00E2014138E00CE32C8 /* ImageGalleryCollectionViewCell.swift in Sources */ = {isa = PBXBuildFile; fileRef = 247BF00D2014138E00CE32C8 /* ImageGalleryCollectionViewCell.swift */; };
		247BF010201417A800CE32C8 /* ImageGalleryViewController.swift in Sources */ = {isa = PBXBuildFile; fileRef = 247BF00F201417A800CE32C8 /* ImageGalleryViewController.swift */; };
		247BF0122015929400CE32C8 /* Utilities.swift in Sources */ = {isa = PBXBuildFile; fileRef = 247BF0112015929400CE32C8 /* Utilities.swift */; };
		24852AE72017EE960035661E /* ImageViewController.swift in Sources */ = {isa = PBXBuildFile; fileRef = 24852AE62017EE960035661E /* ImageViewController.swift */; };
/* End PBXBuildFile section */

/* Begin PBXFileReference section */
		241427DD200EB48A00CBBB06 /* Image Gallery.app */ = {isa = PBXFileReference; explicitFileType = wrapper.application; includeInIndex = 0; path = "Image Gallery.app"; sourceTree = BUILT_PRODUCTS_DIR; };
		241427E0200EB48A00CBBB06 /* AppDelegate.swift */ = {isa = PBXFileReference; lastKnownFileType = sourcecode.swift; path = AppDelegate.swift; sourceTree = "<group>"; };
		241427E5200EB48A00CBBB06 /* Base */ = {isa = PBXFileReference; lastKnownFileType = file.storyboard; name = Base; path = Base.lproj/Main.storyboard; sourceTree = "<group>"; };
		241427E7200EB48A00CBBB06 /* Assets.xcassets */ = {isa = PBXFileReference; lastKnownFileType = folder.assetcatalog; path = Assets.xcassets; sourceTree = "<group>"; };
		241427EA200EB48A00CBBB06 /* Base */ = {isa = PBXFileReference; lastKnownFileType = file.storyboard; name = Base; path = Base.lproj/LaunchScreen.storyboard; sourceTree = "<group>"; };
		241427EC200EB48A00CBBB06 /* Info.plist */ = {isa = PBXFileReference; lastKnownFileType = text.plist.xml; path = Info.plist; sourceTree = "<group>"; };
		241427F2200EBB8900CBBB06 /* ImageGalleryTableViewController.swift */ = {isa = PBXFileReference; lastKnownFileType = sourcecode.swift; path = ImageGalleryTableViewController.swift; sourceTree = "<group>"; };
		241427F4200EBD1200CBBB06 /* ImageGalleryTableViewCell.swift */ = {isa = PBXFileReference; lastKnownFileType = sourcecode.swift; path = ImageGalleryTableViewCell.swift; sourceTree = "<group>"; };
		241427F6200EC25600CBBB06 /* ImageGallery.swift */ = {isa = PBXFileReference; lastKnownFileType = sourcecode.swift; path = ImageGallery.swift; sourceTree = "<group>"; };
		247BF00D2014138E00CE32C8 /* ImageGalleryCollectionViewCell.swift */ = {isa = PBXFileReference; lastKnownFileType = sourcecode.swift; path = ImageGalleryCollectionViewCell.swift; sourceTree = "<group>"; };
		247BF00F201417A800CE32C8 /* ImageGalleryViewController.swift */ = {isa = PBXFileReference; lastKnownFileType = sourcecode.swift; path = ImageGalleryViewController.swift; sourceTree = "<group>"; };
		247BF0112015929400CE32C8 /* Utilities.swift */ = {isa = PBXFileReference; fileEncoding = 4; lastKnownFileType = sourcecode.swift; path = Utilities.swift; sourceTree = "<group>"; };
		24852AE62017EE960035661E /* ImageViewController.swift */ = {isa = PBXFileReference; lastKnownFileType = sourcecode.swift; path = ImageViewController.swift; sourceTree = "<group>"; };
/* End PBXFileReference section */

/* Begin PBXFrameworksBuildPhase section */
		241427DA200EB48A00CBBB06 /* Frameworks */ = {
			isa = PBXFrameworksBuildPhase;
			buildActionMask = 2147483647;
			files = (
			);
			runOnlyForDeploymentPostprocessing = 0;
		};
/* End PBXFrameworksBuildPhase section */

/* Begin PBXGroup section */
		241427D4200EB48A00CBBB06 = {
			isa = PBXGroup;
			children = (
				241427DF200EB48A00CBBB06 /* Image Gallery */,
				241427DE200EB48A00CBBB06 /* Products */,
			);
			sourceTree = "<group>";
		};
		241427DE200EB48A00CBBB06 /* Products */ = {
			isa = PBXGroup;
			children = (
				241427DD200EB48A00CBBB06 /* Image Gallery.app */,
			);
			name = Products;
			sourceTree = "<group>";
		};
		241427DF200EB48A00CBBB06 /* Image Gallery */ = {
			isa = PBXGroup;
			children = (
				24852AE62017EE960035661E /* ImageViewController.swift */,
				247BF00F201417A800CE32C8 /* ImageGalleryViewController.swift */,
				247BF00D2014138E00CE32C8 /* ImageGalleryCollectionViewCell.swift */,
				241427F2200EBB8900CBBB06 /* ImageGalleryTableViewController.swift */,
				241427F4200EBD1200CBBB06 /* ImageGalleryTableViewCell.swift */,
				241427F6200EC25600CBBB06 /* ImageGallery.swift */,
				241427E4200EB48A00CBBB06 /* Main.storyboard */,
				247BF0112015929400CE32C8 /* Utilities.swift */,
				241427E7200EB48A00CBBB06 /* Assets.xcassets */,
				241427E9200EB48A00CBBB06 /* LaunchScreen.storyboard */,
				241427E0200EB48A00CBBB06 /* AppDelegate.swift */,
				241427EC200EB48A00CBBB06 /* Info.plist */,
			);
			path = "Image Gallery";
			sourceTree = "<group>";
		};
/* End PBXGroup section */

/* Begin PBXNativeTarget section */
		241427DC200EB48A00CBBB06 /* Image Gallery */ = {
			isa = PBXNativeTarget;
			buildConfigurationList = 241427EF200EB48A00CBBB06 /* Build configuration list for PBXNativeTarget "Image Gallery" */;
			buildPhases = (
				241427D9200EB48A00CBBB06 /* Sources */,
				241427DA200EB48A00CBBB06 /* Frameworks */,
				241427DB200EB48A00CBBB06 /* Resources */,
			);
			buildRules = (
			);
			dependencies = (
			);
			name = "Image Gallery";
			productName = "Image Gallery";
			productReference = 241427DD200EB48A00CBBB06 /* Image Gallery.app */;
			productType = "com.apple.product-type.application";
		};
/* End PBXNativeTarget section */

/* Begin PBXProject section */
		241427D5200EB48A00CBBB06 /* Project object */ = {
			isa = PBXProject;
			attributes = {
				LastSwiftUpdateCheck = 0920;
				LastUpgradeCheck = 0920;
				ORGANIZATIONNAME = "Kyle Cross";
				TargetAttributes = {
					241427DC200EB48A00CBBB06 = {
						CreatedOnToolsVersion = 9.2;
						ProvisioningStyle = Automatic;
					};
				};
			};
			buildConfigurationList = 241427D8200EB48A00CBBB06 /* Build configuration list for PBXProject "Image Gallery" */;
			compatibilityVersion = "Xcode 8.0";
			developmentRegion = en;
			hasScannedForEncodings = 0;
			knownRegions = (
				en,
				Base,
			);
			mainGroup = 241427D4200EB48A00CBBB06;
			productRefGroup = 241427DE200EB48A00CBBB06 /* Products */;
			projectDirPath = "";
			projectRoot = "";
			targets = (
				241427DC200EB48A00CBBB06 /* Image Gallery */,
			);
		};
/* End PBXProject section */

/* Begin PBXResourcesBuildPhase section */
		241427DB200EB48A00CBBB06 /* Resources */ = {
			isa = PBXResourcesBuildPhase;
			buildActionMask = 2147483647;
			files = (
				241427EB200EB48A00CBBB06 /* LaunchScreen.storyboard in Resources */,
				241427E8200EB48A00CBBB06 /* Assets.xcassets in Resources */,
				241427E6200EB48A00CBBB06 /* Main.storyboard in Resources */,
			);
			runOnlyForDeploymentPostprocessing = 0;
		};
/* End PBXResourcesBuildPhase section */

/* Begin PBXSourcesBuildPhase section */
		241427D9200EB48A00CBBB06 /* Sources */ = {
			isa = PBXSourcesBuildPhase;
			buildActionMask = 2147483647;
			files = (
				241427F7200EC25600CBBB06 /* ImageGallery.swift in Sources */,
				241427F3200EBB8900CBBB06 /* ImageGalleryTableViewController.swift in Sources */,
				247BF010201417A800CE32C8 /* ImageGalleryViewController.swift in Sources */,
				241427E1200EB48A00CBBB06 /* AppDelegate.swift in Sources */,
				241427F5200EBD1200CBBB06 /* ImageGalleryTableViewCell.swift in Sources */,
				247BF0122015929400CE32C8 /* Utilities.swift in Sources */,
				24852AE72017EE960035661E /* ImageViewController.swift in Sources */,
				247BF00E2014138E00CE32C8 /* ImageGalleryCollectionViewCell.swift in Sources */,
			);
			runOnlyForDeploymentPostprocessing = 0;
		};
/* End PBXSourcesBuildPhase section */

/* Begin PBXVariantGroup section */
		241427E4200EB48A00CBBB06 /* Main.storyboard */ = {
			isa = PBXVariantGroup;
			children = (
				241427E5200EB48A00CBBB06 /* Base */,
			);
			name = Main.storyboard;
			sourceTree = "<group>";
		};
		241427E9200EB48A00CBBB06 /* LaunchScreen.storyboard */ = {
			isa = PBXVariantGroup;
			children = (
				241427EA200EB48A00CBBB06 /* Base */,
			);
			name = LaunchScreen.storyboard;
			sourceTree = "<group>";
		};
/* End PBXVariantGroup section */

/* Begin XCBuildConfiguration section */
		241427ED200EB48A00CBBB06 /* Debug */ = {
			isa = XCBuildConfiguration;
			buildSettings = {
				ALWAYS_SEARCH_USER_PATHS = NO;
				CLANG_ANALYZER_NONNULL = YES;
				CLANG_ANALYZER_NUMBER_OBJECT_CONVERSION = YES_AGGRESSIVE;
				CLANG_CXX_LANGUAGE_STANDARD = "gnu++14";
				CLANG_CXX_LIBRARY = "libc++";
				CLANG_ENABLE_MODULES = YES;
				CLANG_ENABLE_OBJC_ARC = YES;
				CLANG_WARN_BLOCK_CAPTURE_AUTORELEASING = YES;
				CLANG_WARN_BOOL_CONVERSION = YES;
				CLANG_WARN_COMMA = YES;
				CLANG_WARN_CONSTANT_CONVERSION = YES;
				CLANG_WARN_DIRECT_OBJC_ISA_USAGE = YES_ERROR;
				CLANG_WARN_DOCUMENTATION_COMMENTS = YES;
				CLANG_WARN_EMPTY_BODY = YES;
				CLANG_WARN_ENUM_CONVERSION = YES;
				CLANG_WARN_INFINITE_RECURSION = YES;
				CLANG_WARN_INT_CONVERSION = YES;
				CLANG_WARN_NON_LITERAL_NULL_CONVERSION = YES;
				CLANG_WARN_OBJC_LITERAL_CONVERSION = YES;
				CLANG_WARN_OBJC_ROOT_CLASS = YES_ERROR;
				CLANG_WARN_RANGE_LOOP_ANALYSIS = YES;
				CLANG_WARN_STRICT_PROTOTYPES = YES;
				CLANG_WARN_SUSPICIOUS_MOVE = YES;
				CLANG_WARN_UNGUARDED_AVAILABILITY = YES_AGGRESSIVE;
				CLANG_WARN_UNREACHABLE_CODE = YES;
				CLANG_WARN__DUPLICATE_METHOD_MATCH = YES;
				CODE_SIGN_IDENTITY = "iPhone Developer";
				COPY_PHASE_STRIP = NO;
				DEBUG_INFORMATION_FORMAT = dwarf;
				ENABLE_STRICT_OBJC_MSGSEND = YES;
				ENABLE_TESTABILITY = YES;
				GCC_C_LANGUAGE_STANDARD = gnu11;
				GCC_DYNAMIC_NO_PIC = NO;
				GCC_NO_COMMON_BLOCKS = YES;
				GCC_OPTIMIZATION_LEVEL = 0;
				GCC_PREPROCESSOR_DEFINITIONS = (
					"DEBUG=1",
					"$(inherited)",
				);
				GCC_WARN_64_TO_32_BIT_CONVERSION = YES;
				GCC_WARN_ABOUT_RETURN_TYPE = YES_ERROR;
				GCC_WARN_UNDECLARED_SELECTOR = YES;
				GCC_WARN_UNINITIALIZED_AUTOS = YES_AGGRESSIVE;
				GCC_WARN_UNUSED_FUNCTION = YES;
				GCC_WARN_UNUSED_VARIABLE = YES;
				IPHONEOS_DEPLOYMENT_TARGET = 11.2;
				MTL_ENABLE_DEBUG_INFO = YES;
				ONLY_ACTIVE_ARCH = YES;
				SDKROOT = iphoneos;
				SWIFT_ACTIVE_COMPILATION_CONDITIONS = DEBUG;
				SWIFT_OPTIMIZATION_LEVEL = "-Onone";
			};
			name = Debug;
		};
		241427EE200EB48A00CBBB06 /* Release */ = {
			isa = XCBuildConfiguration;
			buildSettings = {
				ALWAYS_SEARCH_USER_PATHS = NO;
				CLANG_ANALYZER_NONNULL = YES;
				CLANG_ANALYZER_NUMBER_OBJECT_CONVERSION = YES_AGGRESSIVE;
				CLANG_CXX_LANGUAGE_STANDARD = "gnu++14";
				CLANG_CXX_LIBRARY = "libc++";
				CLANG_ENABLE_MODULES = YES;
				CLANG_ENABLE_OBJC_ARC = YES;
				CLANG_WARN_BLOCK_CAPTURE_AUTORELEASING = YES;
				CLANG_WARN_BOOL_CONVERSION = YES;
				CLANG_WARN_COMMA = YES;
				CLANG_WARN_CONSTANT_CONVERSION = YES;
				CLANG_WARN_DIRECT_OBJC_ISA_USAGE = YES_ERROR;
				CLANG_WARN_DOCUMENTATION_COMMENTS = YES;
				CLANG_WARN_EMPTY_BODY = YES;
				CLANG_WARN_ENUM_CONVERSION = YES;
				CLANG_WARN_INFINITE_RECURSION = YES;
				CLANG_WARN_INT_CONVERSION = YES;
				CLANG_WARN_NON_LITERAL_NULL_CONVERSION = YES;
				CLANG_WARN_OBJC_LITERAL_CONVERSION = YES;
				CLANG_WARN_OBJC_ROOT_CLASS = YES_ERROR;
				CLANG_WARN_RANGE_LOOP_ANALYSIS = YES;
				CLANG_WARN_STRICT_PROTOTYPES = YES;
				CLANG_WARN_SUSPICIOUS_MOVE = YES;
				CLANG_WARN_UNGUARDED_AVAILABILITY = YES_AGGRESSIVE;
				CLANG_WARN_UNREACHABLE_CODE = YES;
				CLANG_WARN__DUPLICATE_METHOD_MATCH = YES;
				CODE_SIGN_IDENTITY = "iPhone Developer";
				COPY_PHASE_STRIP = NO;
				DEBUG_INFORMATION_FORMAT = "dwarf-with-dsym";
				ENABLE_NS_ASSERTIONS = NO;
				ENABLE_STRICT_OBJC_MSGSEND = YES;
				GCC_C_LANGUAGE_STANDARD = gnu11;
				GCC_NO_COMMON_BLOCKS = YES;
				GCC_WARN_64_TO_32_BIT_CONVERSION = YES;
				GCC_WARN_ABOUT_RETURN_TYPE = YES_ERROR;
				GCC_WARN_UNDECLARED_SELECTOR = YES;
				GCC_WARN_UNINITIALIZED_AUTOS = YES_AGGRESSIVE;
				GCC_WARN_UNUSED_FUNCTION = YES;
				GCC_WARN_UNUSED_VARIABLE = YES;
				IPHONEOS_DEPLOYMENT_TARGET = 11.2;
				MTL_ENABLE_DEBUG_INFO = NO;
				SDKROOT = iphoneos;
				SWIFT_OPTIMIZATION_LEVEL = "-Owholemodule";
				VALIDATE_PRODUCT = YES;
			};
			name = Release;
		};
		241427F0200EB48A00CBBB06 /* Debug */ = {
			isa = XCBuildConfiguration;
			buildSettings = {
				ASSETCATALOG_COMPILER_APPICON_NAME = AppIcon;
				CODE_SIGN_STYLE = Automatic;
				DEVELOPMENT_TEAM = LEWCH996DR;
				INFOPLIST_FILE = "Image Gallery/Info.plist";
				LD_RUNPATH_SEARCH_PATHS = "$(inherited) @executable_path/Frameworks";
				PRODUCT_BUNDLE_IDENTIFIER = "com.KyleCross.Image-Gallery";
				PRODUCT_NAME = "$(TARGET_NAME)";
				SWIFT_VERSION = 4.0;
				TARGETED_DEVICE_FAMILY = "1,2";
			};
			name = Debug;
		};
		241427F1200EB48A00CBBB06 /* Release */ = {
			isa = XCBuildConfiguration;
			buildSettings = {
				ASSETCATALOG_COMPILER_APPICON_NAME = AppIcon;
				CODE_SIGN_STYLE = Automatic;
				DEVELOPMENT_TEAM = LEWCH996DR;
				INFOPLIST_FILE = "Image Gallery/Info.plist";
				LD_RUNPATH_SEARCH_PATHS = "$(inherited) @executable_path/Frameworks";
				PRODUCT_BUNDLE_IDENTIFIER = "com.KyleCross.Image-Gallery";
				PRODUCT_NAME = "$(TARGET_NAME)";
				SWIFT_VERSION = 4.0;
				TARGETED_DEVICE_FAMILY = "1,2";
			};
			name = Release;
		};
/* End XCBuildConfiguration section */

/* Begin XCConfigurationList section */
		241427D8200EB48A00CBBB06 /* Build configuration list for PBXProject "Image Gallery" */ = {
			isa = XCConfigurationList;
			buildConfigurations = (
				241427ED200EB48A00CBBB06 /* Debug */,
				241427EE200EB48A00CBBB06 /* Release */,
			);
			defaultConfigurationIsVisible = 0;
			defaultConfigurationName = Release;
		};
		241427EF200EB48A00CBBB06 /* Build configuration list for PBXNativeTarget "Image Gallery" */ = {
			isa = XCConfigurationList;
			buildConfigurations = (
				241427F0200EB48A00CBBB06 /* Debug */,
				241427F1200EB48A00CBBB06 /* Release */,
			);
			defaultConfigurationIsVisible = 0;
			defaultConfigurationName = Release;
		};
/* End XCConfigurationList section */
	};
	rootObject = 241427D5200EB48A00CBBB06 /* Project object */;
}
